
Microsoft Visual Studio Solution File, Format Version 12.00
# Visual Studio 15
VisualStudioVersion = 15.0.28306.52
MinimumVisualStudioVersion = 10.0.40219.1
Project("{FAE04EC0-301F-11D3-BF4B-00C04F79EFBC}") = "roman.numerals", "roman.numerals\roman.numerals.csproj", "{A3A2F0C8-EC79-4D76-8113-EE14962EAB89}"
EndProject
Project("{FAE04EC0-301F-11D3-BF4B-00C04F79EFBC}") = "roman.numerals.tests", "roman.numerals.tests\roman.numerals.tests.csproj", "{570D3D4D-F9C6-4474-84ED-450F18880BDB}"
EndProject
Global
	GlobalSection(SolutionConfigurationPlatforms) = preSolution
		Debug|Any CPU = Debug|Any CPU
		Release|Any CPU = Release|Any CPU
	EndGlobalSection
	GlobalSection(ProjectConfigurationPlatforms) = postSolution
		{A3A2F0C8-EC79-4D76-8113-EE14962EAB89}.Debug|Any CPU.ActiveCfg = Debug|Any CPU
		{A3A2F0C8-EC79-4D76-8113-EE14962EAB89}.Debug|Any CPU.Build.0 = Debug|Any CPU
		{A3A2F0C8-EC79-4D76-8113-EE14962EAB89}.Release|Any CPU.ActiveCfg = Release|Any CPU
		{A3A2F0C8-EC79-4D76-8113-EE14962EAB89}.Release|Any CPU.Build.0 = Release|Any CPU
		{570D3D4D-F9C6-4474-84ED-450F18880BDB}.Debug|Any CPU.ActiveCfg = Debug|Any CPU
		{570D3D4D-F9C6-4474-84ED-450F18880BDB}.Debug|Any CPU.Build.0 = Debug|Any CPU
		{570D3D4D-F9C6-4474-84ED-450F18880BDB}.Release|Any CPU.ActiveCfg = Release|Any CPU
		{570D3D4D-F9C6-4474-84ED-450F18880BDB}.Release|Any CPU.Build.0 = Release|Any CPU
	EndGlobalSection
	GlobalSection(SolutionProperties) = preSolution
		HideSolutionNode = FALSE
	EndGlobalSection
	GlobalSection(ExtensibilityGlobals) = postSolution
		SolutionGuid = {844C82D5-4162-4A71-A955-D1613C20E1B3}
	EndGlobalSection
EndGlobal
